
Microsoft Visual Studio Solution File, Format Version 12.00
# Visual Studio 14
VisualStudioVersion = 14.0.25420.1
MinimumVisualStudioVersion = 10.0.40219.1
Project("{FAE04EC0-301F-11D3-BF4B-00C04F79EFBC}") = "Simple", "Simple\Simple.csproj", "{79F57DF0-87C5-40D8-BF2E-09E755CD08D2}"
EndProject
Project("{FAE04EC0-301F-11D3-BF4B-00C04F79EFBC}") = "ClusterNode", "ClusterNode\ClusterNode.csproj", "{5B1A5D40-CCCE-4FE0-9DD1-F8D87D758CAD}"
EndProject
Project("{FAE04EC0-301F-11D3-BF4B-00C04F79EFBC}") = "ClusterClient", "ClusterClient\ClusterClient.csproj", "{954CA3E5-F506-48E2-A59B-DF56C9FD5A7D}"
EndProject
Project("{FAE04EC0-301F-11D3-BF4B-00C04F79EFBC}") = "TestDemo", "TestDemo\TestDemo.csproj", "{4EE0D634-BC8E-40D3-80EC-6678235447CA}"
EndProject
Global
	GlobalSection(SolutionConfigurationPlatforms) = preSolution
		Debug|Any CPU = Debug|Any CPU
		Release|Any CPU = Release|Any CPU
	EndGlobalSection
	GlobalSection(ProjectConfigurationPlatforms) = postSolution
		{79F57DF0-87C5-40D8-BF2E-09E755CD08D2}.Debug|Any CPU.ActiveCfg = Debug|Any CPU
		{79F57DF0-87C5-40D8-BF2E-09E755CD08D2}.Debug|Any CPU.Build.0 = Debug|Any CPU
		{79F57DF0-87C5-40D8-BF2E-09E755CD08D2}.Release|Any CPU.ActiveCfg = Release|Any CPU
		{79F57DF0-87C5-40D8-BF2E-09E755CD08D2}.Release|Any CPU.Build.0 = Release|Any CPU
		{5B1A5D40-CCCE-4FE0-9DD1-F8D87D758CAD}.Debug|Any CPU.ActiveCfg = Debug|Any CPU
		{5B1A5D40-CCCE-4FE0-9DD1-F8D87D758CAD}.Debug|Any CPU.Build.0 = Debug|Any CPU
		{5B1A5D40-CCCE-4FE0-9DD1-F8D87D758CAD}.Release|Any CPU.ActiveCfg = Release|Any CPU
		{5B1A5D40-CCCE-4FE0-9DD1-F8D87D758CAD}.Release|Any CPU.Build.0 = Release|Any CPU
		{954CA3E5-F506-48E2-A59B-DF56C9FD5A7D}.Debug|Any CPU.ActiveCfg = Debug|Any CPU
		{954CA3E5-F506-48E2-A59B-DF56C9FD5A7D}.Debug|Any CPU.Build.0 = Debug|Any CPU
		{954CA3E5-F506-48E2-A59B-DF56C9FD5A7D}.Release|Any CPU.ActiveCfg = Release|Any CPU
		{954CA3E5-F506-48E2-A59B-DF56C9FD5A7D}.Release|Any CPU.Build.0 = Release|Any CPU
		{4EE0D634-BC8E-40D3-80EC-6678235447CA}.Debug|Any CPU.ActiveCfg = Debug|Any CPU
		{4EE0D634-BC8E-40D3-80EC-6678235447CA}.Debug|Any CPU.Build.0 = Debug|Any CPU
		{4EE0D634-BC8E-40D3-80EC-6678235447CA}.Release|Any CPU.ActiveCfg = Release|Any CPU
		{4EE0D634-BC8E-40D3-80EC-6678235447CA}.Release|Any CPU.Build.0 = Release|Any CPU
	EndGlobalSection
	GlobalSection(SolutionProperties) = preSolution
		HideSolutionNode = FALSE
	EndGlobalSection
EndGlobal
